
Microsoft Visual Studio Solution File, Format Version 12.00
# Visual Studio 15
VisualStudioVersion = 15.0.27703.2018
MinimumVisualStudioVersion = 10.0.40219.1
Project("{FAE04EC0-301F-11D3-BF4B-00C04F79EFBC}") = "Notify_Trial", "Notify_Trial\Notify_Trial.csproj", "{0EE9B48F-1760-4C55-BAFF-720AAD11DE66}"
EndProject
Global
	GlobalSection(SolutionConfigurationPlatforms) = preSolution
		Debug|Any CPU = Debug|Any CPU
		Release|Any CPU = Release|Any CPU
	EndGlobalSection
	GlobalSection(ProjectConfigurationPlatforms) = postSolution
		{0EE9B48F-1760-4C55-BAFF-720AAD11DE66}.Debug|Any CPU.ActiveCfg = Debug|Any CPU
		{0EE9B48F-1760-4C55-BAFF-720AAD11DE66}.Debug|Any CPU.Build.0 = Debug|Any CPU
		{0EE9B48F-1760-4C55-BAFF-720AAD11DE66}.Release|Any CPU.ActiveCfg = Release|Any CPU
		{0EE9B48F-1760-4C55-BAFF-720AAD11DE66}.Release|Any CPU.Build.0 = Release|Any CPU
	EndGlobalSection
	GlobalSection(SolutionProperties) = preSolution
		HideSolutionNode = FALSE
	EndGlobalSection
	GlobalSection(ExtensibilityGlobals) = postSolution
		SolutionGuid = {2A6FB09C-3EB8-47E1-BF78-88535BAB6CC8}
	EndGlobalSection
EndGlobal
